Microsoft Visual Studio Solution File, Format Version 12.00
# Visual Studio Version 17
VisualStudioVersion = 17.5.2.0
MinimumVisualStudioVersion = 10.0.40219.1
Project("{FAE04EC0-301F-11D3-BF4B-00C04F79EFBC}") = "RoboticCoders", "RoboticCoders.csproj", "{2B367DF2-17B7-E869-95A3-459D4E62F897}"
EndProject
Global
	GlobalSection(SolutionConfigurationPlatforms) = preSolution
		Debug|Any CPU = Debug|Any CPU
		Release|Any CPU = Release|Any CPU
	EndGlobalSection
	GlobalSection(ProjectConfigurationPlatforms) = postSolution
		{2B367DF2-17B7-E869-95A3-459D4E62F897}.Debug|Any CPU.ActiveCfg = Debug|Any CPU
		{2B367DF2-17B7-E869-95A3-459D4E62F897}.Debug|Any CPU.Build.0 = Debug|Any CPU
		{2B367DF2-17B7-E869-95A3-459D4E62F897}.Release|Any CPU.ActiveCfg = Release|Any CPU
		{2B367DF2-17B7-E869-95A3-459D4E62F897}.Release|Any CPU.Build.0 = Release|Any CPU
	EndGlobalSection
	GlobalSection(SolutionProperties) = preSolution
		HideSolutionNode = FALSE
	EndGlobalSection
	GlobalSection(ExtensibilityGlobals) = postSolution
		SolutionGuid = {F660B95C-D9D9-4D30-B179-6AA43D8A72AF}
	EndGlobalSection
EndGlobal
